{
  "pins" : [
    {
      "identity" : "randomgenerator",
      "kind" : "remoteSourceControl",
      "location" : "https://github.com/GuernikaCore/RandomGenerator.git",
      "state" : {
        "revision" : "7c91e2f454ecc753075a526cf5ffc34d3c4a10c5",
        "version" : "1.0.0"
      }
    },
    {
      "identity" : "schedulers",
      "kind" : "remoteSourceControl",
      "location" : "https://github.com/GuernikaCore/Schedulers.git",
      "state" : {
        "revision" : "91a26c9b630536feb6a4f675a343ac46f1b96f65",
        "version" : "0.9.4"
      }
    }
  ],
  "version" : 2
}
