{
  "pins" : [
    {
      "identity" : "randomgenerator",
      "kind" : "remoteSourceControl",
      "location" : "https://github.com/GuernikaCore/RandomGenerator.git",
      "state" : {
        "revision" : "7c91e2f454ecc753075a526cf5ffc34d3c4a10c5",
        "version" : "1.0.0"
      }
    },
    {
      "identity" : "schedulers",
      "kind" : "remoteSourceControl",
      "location" : "https://github.com/GuernikaCore/Schedulers.git",
      "state" : {
        "revision" : "beb23c914faca487a08aec6cf61055908d97364e",
        "version" : "0.9.3"
      }
    }
  ],
  "version" : 2
}
