{
  "pins" : [
    {
      "identity" : "randomgenerator",
      "kind" : "remoteSourceControl",
      "location" : "https://github.com/GuernikaCore/RandomGenerator.git",
      "state" : {
        "revision" : "7c91e2f454ecc753075a526cf5ffc34d3c4a10c5",
        "version" : "1.0.0"
      }
    },
    {
      "identity" : "schedulers",
      "kind" : "remoteSourceControl",
      "location" : "https://github.com/GuernikaCore/Schedulers.git",
      "state" : {
        "revision" : "be4086f33dcbc30eb8be0bcf56fe585a74028908",
        "version" : "1.1.0"
      }
    }
  ],
  "version" : 2
}
